
Microsoft Visual Studio Solution File, Format Version 12.00
# Visual Studio Version 17
VisualStudioVersion = 17.13.35931.197 d17.13
MinimumVisualStudioVersion = 10.0.40219.1
Project("{FAE04EC0-301F-11D3-BF4B-00C04F79EFBC}") = "Performance.Assessment.Software.II.Advanced.Ccharp", "Performance.Assessment.Software.II.Advanced.Ccharp\Performance.Assessment.Software.II.Advanced.Ccharp.csproj", "{D3EFEDDF-1A37-4E9E-89A3-9D0386C98AAE}"
EndProject
Global
	GlobalSection(SolutionConfigurationPlatforms) = preSolution
		Debug|Any CPU = Debug|Any CPU
		Release|Any CPU = Release|Any CPU
	EndGlobalSection
	GlobalSection(ProjectConfigurationPlatforms) = postSolution
		{D3EFEDDF-1A37-4E9E-89A3-9D0386C98AAE}.Debug|Any CPU.ActiveCfg = Debug|Any CPU
		{D3EFEDDF-1A37-4E9E-89A3-9D0386C98AAE}.Debug|Any CPU.Build.0 = Debug|Any CPU
		{D3EFEDDF-1A37-4E9E-89A3-9D0386C98AAE}.Release|Any CPU.ActiveCfg = Release|Any CPU
		{D3EFEDDF-1A37-4E9E-89A3-9D0386C98AAE}.Release|Any CPU.Build.0 = Release|Any CPU
	EndGlobalSection
	GlobalSection(SolutionProperties) = preSolution
		HideSolutionNode = FALSE
	EndGlobalSection
	GlobalSection(ExtensibilityGlobals) = postSolution
		SolutionGuid = {B35FCAAF-6060-4D2F-B456-1926B983C267}
	EndGlobalSection
EndGlobal
